# THIS IS AN AUTOGENERATED FILE. DO NOT EDIT THIS FILE DIRECTLY.
# yarn lockfile v1


random-word-slugs@0.1.6:
  version "0.1.6"
  resolved "https://registry.yarnpkg.com/random-word-slugs/-/random-word-slugs-0.1.6.tgz#1822f059e0e9a91e967a3eaed1e33580df0598cf"
  integrity sha512-EVPGKyhXTdnBlMCrqBvby3nf9Jz+W/rVuP2nOi68aDZa6VJ2OXvz+VDCwl8jULBLZ1Ht8wscRA+/SogeI9NYGw==
